
Microsoft Visual Studio Solution File, Format Version 12.00
# Visual Studio Version 16
VisualStudioVersion = 16.0.28803.156
MinimumVisualStudioVersion = 15.0.26124.0
Project("{FAE04EC0-301F-11D3-BF4B-00C04F79EFBC}") = "XamTone.UWP", "XamTone\XamTone.UWP\XamTone.UWP.csproj", "{BC3752F9-6350-4045-895E-72EC9AA115E7}"
EndProject
Project("{FAE04EC0-301F-11D3-BF4B-00C04F79EFBC}") = "XamTone.Android", "XamTone\XamTone.Android\XamTone.Android.csproj", "{83235B97-A9E2-4958-BAC3-59E662C2F8F0}"
EndProject
Project("{FAE04EC0-301F-11D3-BF4B-00C04F79EFBC}") = "XamTone.iOS", "XamTone\XamTone.iOS\XamTone.iOS.csproj", "{B522EA19-0124-4285-A39E-D7B5C3C42EB0}"
EndProject
Project("{FAE04EC0-301F-11D3-BF4B-00C04F79EFBC}") = "XamTone", "XamTone\XamTone\XamTone.csproj", "{EC08DF2B-A6D3-4E8A-9B43-B58CE43876C7}"
EndProject
Global
	GlobalSection(SolutionConfigurationPlatforms) = preSolution
		Debug|Any CPU = Debug|Any CPU
		Debug|ARM = Debug|ARM
		Debug|iPhone = Debug|iPhone
		Debug|iPhoneSimulator = Debug|iPhoneSimulator
		Debug|x64 = Debug|x64
		Debug|x86 = Debug|x86
		Release|Any CPU = Release|Any CPU
		Release|ARM = Release|ARM
		Release|iPhone = Release|iPhone
		Release|iPhoneSimulator = Release|iPhoneSimulator
		Release|x64 = Release|x64
		Release|x86 = Release|x86
	EndGlobalSection
	GlobalSection(ProjectConfigurationPlatforms) = postSolution
		{BC3752F9-6350-4045-895E-72EC9AA115E7}.Debug|Any CPU.ActiveCfg = Debug|x86
		{BC3752F9-6350-4045-895E-72EC9AA115E7}.Debug|ARM.ActiveCfg = Debug|ARM
		{BC3752F9-6350-4045-895E-72EC9AA115E7}.Debug|ARM.Build.0 = Debug|ARM
		{BC3752F9-6350-4045-895E-72EC9AA115E7}.Debug|ARM.Deploy.0 = Debug|ARM
		{BC3752F9-6350-4045-895E-72EC9AA115E7}.Debug|iPhone.ActiveCfg = Debug|x86
		{BC3752F9-6350-4045-895E-72EC9AA115E7}.Debug|iPhoneSimulator.ActiveCfg = Debug|x86
		{BC3752F9-6350-4045-895E-72EC9AA115E7}.Debug|x64.ActiveCfg = Debug|x64
		{BC3752F9-6350-4045-895E-72EC9AA115E7}.Debug|x64.Build.0 = Debug|x64
		{BC3752F9-6350-4045-895E-72EC9AA115E7}.Debug|x64.Deploy.0 = Debug|x64
		{BC3752F9-6350-4045-895E-72EC9AA115E7}.Debug|x86.ActiveCfg = Debug|x86
		{BC3752F9-6350-4045-895E-72EC9AA115E7}.Debug|x86.Build.0 = Debug|x86
		{BC3752F9-6350-4045-895E-72EC9AA115E7}.Debug|x86.Deploy.0 = Debug|x86
		{BC3752F9-6350-4045-895E-72EC9AA115E7}.Release|Any CPU.ActiveCfg = Release|x86
		{BC3752F9-6350-4045-895E-72EC9AA115E7}.Release|ARM.ActiveCfg = Release|ARM
		{BC3752F9-6350-4045-895E-72EC9AA115E7}.Release|ARM.Build.0 = Release|ARM
		{BC3752F9-6350-4045-895E-72EC9AA115E7}.Release|ARM.Deploy.0 = Release|ARM
		{BC3752F9-6350-4045-895E-72EC9AA115E7}.Release|iPhone.ActiveCfg = Release|x86
		{BC3752F9-6350-4045-895E-72EC9AA115E7}.Release|iPhoneSimulator.ActiveCfg = Release|x86
		{BC3752F9-6350-4045-895E-72EC9AA115E7}.Release|x64.ActiveCfg = Release|x64
		{BC3752F9-6350-4045-895E-72EC9AA115E7}.Release|x64.Build.0 = Release|x64
		{BC3752F9-6350-4045-895E-72EC9AA115E7}.Release|x64.Deploy.0 = Release|x64
		{BC3752F9-6350-4045-895E-72EC9AA115E7}.Release|x86.ActiveCfg = Release|x86
		{BC3752F9-6350-4045-895E-72EC9AA115E7}.Release|x86.Build.0 = Release|x86
		{BC3752F9-6350-4045-895E-72EC9AA115E7}.Release|x86.Deploy.0 = Release|x86
		{83235B97-A9E2-4958-BAC3-59E662C2F8F0}.Debug|Any CPU.ActiveCfg = Debug|Any CPU
		{83235B97-A9E2-4958-BAC3-59E662C2F8F0}.Debug|Any CPU.Build.0 = Debug|Any CPU
		{83235B97-A9E2-4958-BAC3-59E662C2F8F0}.Debug|Any CPU.Deploy.0 = Debug|Any CPU
		{83235B97-A9E2-4958-BAC3-59E662C2F8F0}.Debug|ARM.ActiveCfg = Debug|Any CPU
		{83235B97-A9E2-4958-BAC3-59E662C2F8F0}.Debug|ARM.Build.0 = Debug|Any CPU
		{83235B97-A9E2-4958-BAC3-59E662C2F8F0}.Debug|ARM.Deploy.0 = Debug|Any CPU
		{83235B97-A9E2-4958-BAC3-59E662C2F8F0}.Debug|iPhone.ActiveCfg = Debug|Any CPU
		{83235B97-A9E2-4958-BAC3-59E662C2F8F0}.Debug|iPhone.Build.0 = Debug|Any CPU
		{83235B97-A9E2-4958-BAC3-59E662C2F8F0}.Debug|iPhone.Deploy.0 = Debug|Any CPU
		{83235B97-A9E2-4958-BAC3-59E662C2F8F0}.Debug|iPhoneSimulator.ActiveCfg = Debug|Any CPU
		{83235B97-A9E2-4958-BAC3-59E662C2F8F0}.Debug|iPhoneSimulator.Build.0 = Debug|Any CPU
		{83235B97-A9E2-4958-BAC3-59E662C2F8F0}.Debug|iPhoneSimulator.Deploy.0 = Debug|Any CPU
		{83235B97-A9E2-4958-BAC3-59E662C2F8F0}.Debug|x64.ActiveCfg = Debug|Any CPU
		{83235B97-A9E2-4958-BAC3-59E662C2F8F0}.Debug|x64.Build.0 = Debug|Any CPU
		{83235B97-A9E2-4958-BAC3-59E662C2F8F0}.Debug|x64.Deploy.0 = Debug|Any CPU
		{83235B97-A9E2-4958-BAC3-59E662C2F8F0}.Debug|x86.ActiveCfg = Debug|Any CPU
		{83235B97-A9E2-4958-BAC3-59E662C2F8F0}.Debug|x86.Build.0 = Debug|Any CPU
		{83235B97-A9E2-4958-BAC3-59E662C2F8F0}.Debug|x86.Deploy.0 = Debug|Any CPU
		{83235B97-A9E2-4958-BAC3-59E662C2F8F0}.Release|Any CPU.ActiveCfg = Release|Any CPU
		{83235B97-A9E2-4958-BAC3-59E662C2F8F0}.Release|Any CPU.Build.0 = Release|Any CPU
		{83235B97-A9E2-4958-BAC3-59E662C2F8F0}.Release|Any CPU.Deploy.0 = Release|Any CPU
		{83235B97-A9E2-4958-BAC3-59E662C2F8F0}.Release|ARM.ActiveCfg = Release|Any CPU
		{83235B97-A9E2-4958-BAC3-59E662C2F8F0}.Release|ARM.Build.0 = Release|Any CPU
		{83235B97-A9E2-4958-BAC3-59E662C2F8F0}.Release|ARM.Deploy.0 = Release|Any CPU
		{83235B97-A9E2-4958-BAC3-59E662C2F8F0}.Release|iPhone.ActiveCfg = Release|Any CPU
		{83235B97-A9E2-4958-BAC3-59E662C2F8F0}.Release|iPhone.Build.0 = Release|Any CPU
		{83235B97-A9E2-4958-BAC3-59E662C2F8F0}.Release|iPhone.Deploy.0 = Release|Any CPU
		{83235B97-A9E2-4958-BAC3-59E662C2F8F0}.Release|iPhoneSimulator.ActiveCfg = Release|Any CPU
		{83235B97-A9E2-4958-BAC3-59E662C2F8F0}.Release|iPhoneSimulator.Build.0 = Release|Any CPU
		{83235B97-A9E2-4958-BAC3-59E662C2F8F0}.Release|iPhoneSimulator.Deploy.0 = Release|Any CPU
		{83235B97-A9E2-4958-BAC3-59E662C2F8F0}.Release|x64.ActiveCfg = Release|Any CPU
		{83235B97-A9E2-4958-BAC3-59E662C2F8F0}.Release|x64.Build.0 = Release|Any CPU
		{83235B97-A9E2-4958-BAC3-59E662C2F8F0}.Release|x64.Deploy.0 = Release|Any CPU
		{83235B97-A9E2-4958-BAC3-59E662C2F8F0}.Release|x86.ActiveCfg = Release|Any CPU
		{83235B97-A9E2-4958-BAC3-59E662C2F8F0}.Release|x86.Build.0 = Release|Any CPU
		{83235B97-A9E2-4958-BAC3-59E662C2F8F0}.Release|x86.Deploy.0 = Release|Any CPU
		{B522EA19-0124-4285-A39E-D7B5C3C42EB0}.Debug|Any CPU.ActiveCfg = Debug|iPhone
		{B522EA19-0124-4285-A39E-D7B5C3C42EB0}.Debug|ARM.ActiveCfg = Debug|iPhone
		{B522EA19-0124-4285-A39E-D7B5C3C42EB0}.Debug|iPhone.ActiveCfg = Debug|iPhone
		{B522EA19-0124-4285-A39E-D7B5C3C42EB0}.Debug|iPhone.Build.0 = Debug|iPhone
		{B522EA19-0124-4285-A39E-D7B5C3C42EB0}.Debug|iPhoneSimulator.ActiveCfg = Debug|iPhoneSimulator
		{B522EA19-0124-4285-A39E-D7B5C3C42EB0}.Debug|iPhoneSimulator.Build.0 = Debug|iPhoneSimulator
		{B522EA19-0124-4285-A39E-D7B5C3C42EB0}.Debug|x64.ActiveCfg = Debug|iPhone
		{B522EA19-0124-4285-A39E-D7B5C3C42EB0}.Debug|x86.ActiveCfg = Debug|iPhone
		{B522EA19-0124-4285-A39E-D7B5C3C42EB0}.Release|Any CPU.ActiveCfg = Release|iPhone
		{B522EA19-0124-4285-A39E-D7B5C3C42EB0}.Release|ARM.ActiveCfg = Release|iPhone
		{B522EA19-0124-4285-A39E-D7B5C3C42EB0}.Release|iPhone.ActiveCfg = Release|iPhone
		{B522EA19-0124-4285-A39E-D7B5C3C42EB0}.Release|iPhone.Build.0 = Release|iPhone
		{B522EA19-0124-4285-A39E-D7B5C3C42EB0}.Release|iPhoneSimulator.ActiveCfg = Release|iPhoneSimulator
		{B522EA19-0124-4285-A39E-D7B5C3C42EB0}.Release|iPhoneSimulator.Build.0 = Release|iPhoneSimulator
		{B522EA19-0124-4285-A39E-D7B5C3C42EB0}.Release|x64.ActiveCfg = Release|iPhone
		{B522EA19-0124-4285-A39E-D7B5C3C42EB0}.Release|x86.ActiveCfg = Release|iPhone
		{EC08DF2B-A6D3-4E8A-9B43-B58CE43876C7}.Debug|Any CPU.ActiveCfg = Debug|Any CPU
		{EC08DF2B-A6D3-4E8A-9B43-B58CE43876C7}.Debug|Any CPU.Build.0 = Debug|Any CPU
		{EC08DF2B-A6D3-4E8A-9B43-B58CE43876C7}.Debug|ARM.ActiveCfg = Debug|Any CPU
		{EC08DF2B-A6D3-4E8A-9B43-B58CE43876C7}.Debug|ARM.Build.0 = Debug|Any CPU
		{EC08DF2B-A6D3-4E8A-9B43-B58CE43876C7}.Debug|iPhone.ActiveCfg = Debug|Any CPU
		{EC08DF2B-A6D3-4E8A-9B43-B58CE43876C7}.Debug|iPhone.Build.0 = Debug|Any CPU
		{EC08DF2B-A6D3-4E8A-9B43-B58CE43876C7}.Debug|iPhoneSimulator.ActiveCfg = Debug|Any CPU
		{EC08DF2B-A6D3-4E8A-9B43-B58CE43876C7}.Debug|iPhoneSimulator.Build.0 = Debug|Any CPU
		{EC08DF2B-A6D3-4E8A-9B43-B58CE43876C7}.Debug|x64.ActiveCfg = Debug|Any CPU
		{EC08DF2B-A6D3-4E8A-9B43-B58CE43876C7}.Debug|x64.Build.0 = Debug|Any CPU
		{EC08DF2B-A6D3-4E8A-9B43-B58CE43876C7}.Debug|x86.ActiveCfg = Debug|Any CPU
		{EC08DF2B-A6D3-4E8A-9B43-B58CE43876C7}.Debug|x86.Build.0 = Debug|Any CPU
		{EC08DF2B-A6D3-4E8A-9B43-B58CE43876C7}.Release|Any CPU.ActiveCfg = Release|Any CPU
		{EC08DF2B-A6D3-4E8A-9B43-B58CE43876C7}.Release|Any CPU.Build.0 = Release|Any CPU
		{EC08DF2B-A6D3-4E8A-9B43-B58CE43876C7}.Release|ARM.ActiveCfg = Release|Any CPU
		{EC08DF2B-A6D3-4E8A-9B43-B58CE43876C7}.Release|ARM.Build.0 = Release|Any CPU
		{EC08DF2B-A6D3-4E8A-9B43-B58CE43876C7}.Release|iPhone.ActiveCfg = Release|Any CPU
		{EC08DF2B-A6D3-4E8A-9B43-B58CE43876C7}.Release|iPhone.Build.0 = Release|Any CPU
		{EC08DF2B-A6D3-4E8A-9B43-B58CE43876C7}.Release|iPhoneSimulator.ActiveCfg = Release|Any CPU
		{EC08DF2B-A6D3-4E8A-9B43-B58CE43876C7}.Release|iPhoneSimulator.Build.0 = Release|Any CPU
		{EC08DF2B-A6D3-4E8A-9B43-B58CE43876C7}.Release|x64.ActiveCfg = Release|Any CPU
		{EC08DF2B-A6D3-4E8A-9B43-B58CE43876C7}.Release|x64.Build.0 = Release|Any CPU
		{EC08DF2B-A6D3-4E8A-9B43-B58CE43876C7}.Release|x86.ActiveCfg = Release|Any CPU
		{EC08DF2B-A6D3-4E8A-9B43-B58CE43876C7}.Release|x86.Build.0 = Release|Any CPU
	EndGlobalSection
	GlobalSection(SolutionProperties) = preSolution
		HideSolutionNode = FALSE
	EndGlobalSection
	GlobalSection(ExtensibilityGlobals) = postSolution
		SolutionGuid = {9C56721B-6EB6-44DE-92C9-72AFC08CD803}
	EndGlobalSection
EndGlobal
